
Microsoft Visual Studio Solution File, Format Version 12.00
# Visual Studio Version 17
VisualStudioVersion = 17.8.34330.188
MinimumVisualStudioVersion = 10.0.40219.1
Project("{FAE04EC0-301F-11D3-BF4B-00C04F79EFBC}") = "Expense_Tracker", "Expense_Tracker\Expense_Tracker.csproj", "{4A114A59-9B6E-48B3-8F03-30415901570D}"
EndProject
Global
	GlobalSection(SolutionConfigurationPlatforms) = preSolution
		Debug|Any CPU = Debug|Any CPU
		Release|Any CPU = Release|Any CPU
	EndGlobalSection
	GlobalSection(ProjectConfigurationPlatforms) = postSolution
		{4A114A59-9B6E-48B3-8F03-30415901570D}.Debug|Any CPU.ActiveCfg = Debug|Any CPU
		{4A114A59-9B6E-48B3-8F03-30415901570D}.Debug|Any CPU.Build.0 = Debug|Any CPU
		{4A114A59-9B6E-48B3-8F03-30415901570D}.Release|Any CPU.ActiveCfg = Release|Any CPU
		{4A114A59-9B6E-48B3-8F03-30415901570D}.Release|Any CPU.Build.0 = Release|Any CPU
	EndGlobalSection
	GlobalSection(SolutionProperties) = preSolution
		HideSolutionNode = FALSE
	EndGlobalSection
	GlobalSection(ExtensibilityGlobals) = postSolution
		SolutionGuid = {F3F742E6-9484-423B-B47F-06FFFCD3F8A7}
	EndGlobalSection
EndGlobal
